// !$*UTF8*$!
{
	archiveVersion = 1;
	classes = {
	};
	objectVersion = 48;
	objects = {

/* Begin PBXBuildFile section */
		BE117A33217F14FB00C9CB63 /* TranscriptsArchiveViewController.swift in Sources */ = {isa = PBXBuildFile; fileRef = BE117A32217F14FB00C9CB63 /* TranscriptsArchiveViewController.swift */; };
		BE117A38217F16D500C9CB63 /* Transcript+CoreDataClass.swift in Sources */ = {isa = PBXBuildFile; fileRef = BE117A34217F16D500C9CB63 /* Transcript+CoreDataClass.swift */; };
		BE117A39217F16D500C9CB63 /* Transcript+CoreDataProperties.swift in Sources */ = {isa = PBXBuildFile; fileRef = BE117A35217F16D500C9CB63 /* Transcript+CoreDataProperties.swift */; };
		BE117A3A217F16D500C9CB63 /* TranscriptsAtTheTime+CoreDataClass.swift in Sources */ = {isa = PBXBuildFile; fileRef = BE117A36217F16D500C9CB63 /* TranscriptsAtTheTime+CoreDataClass.swift */; };
		BE117A3B217F16D500C9CB63 /* TranscriptsAtTheTime+CoreDataProperties.swift in Sources */ = {isa = PBXBuildFile; fileRef = BE117A37217F16D500C9CB63 /* TranscriptsAtTheTime+CoreDataProperties.swift */; };
		BE117A3D217F16F600C9CB63 /* CoreDataStack.swift in Sources */ = {isa = PBXBuildFile; fileRef = BE117A3C217F16F600C9CB63 /* CoreDataStack.swift */; };
		BE87BBAA217D674000D9A908 /* CloudKitViewController.swift in Sources */ = {isa = PBXBuildFile; fileRef = BE87BBA9217D674000D9A908 /* CloudKitViewController.swift */; };
		BE87BBAE217D6A3000D9A908 /* CloudKit.framework in Frameworks */ = {isa = PBXBuildFile; fileRef = BE87BBAD217D6A3000D9A908 /* CloudKit.framework */; };
		EE2FCF092176411200BF6352 /* DictationViewController.swift in Sources */ = {isa = PBXBuildFile; fileRef = EE2FCF082176411200BF6352 /* DictationViewController.swift */; };
		EEFE17C521763E1900DBB109 /* AppDelegate.swift in Sources */ = {isa = PBXBuildFile; fileRef = EEFE17C421763E1900DBB109 /* AppDelegate.swift */; };
		EEFE17C721763E1900DBB109 /* TranscriptsViewController.swift in Sources */ = {isa = PBXBuildFile; fileRef = EEFE17C621763E1900DBB109 /* TranscriptsViewController.swift */; };
		EEFE17CA21763E1900DBB109 /* Main.storyboard in Resources */ = {isa = PBXBuildFile; fileRef = EEFE17C821763E1900DBB109 /* Main.storyboard */; };
		EEFE17CD21763E1900DBB109 /* SpeakAloud.xcdatamodeld in Sources */ = {isa = PBXBuildFile; fileRef = EEFE17CB21763E1900DBB109 /* SpeakAloud.xcdatamodeld */; };
		EEFE17CF21763E1900DBB109 /* Assets.xcassets in Resources */ = {isa = PBXBuildFile; fileRef = EEFE17CE21763E1900DBB109 /* Assets.xcassets */; };
		EEFE17D221763E1900DBB109 /* LaunchScreen.storyboard in Resources */ = {isa = PBXBuildFile; fileRef = EEFE17D021763E1900DBB109 /* LaunchScreen.storyboard */; };
		EEFE17DE21763F3E00DBB109 /* GestureDetector.swift in Sources */ = {isa = PBXBuildFile; fileRef = EEFE17DD21763F3E00DBB109 /* GestureDetector.swift */; };
/* End PBXBuildFile section */

/* Begin PBXFileReference section */
		BE117A32217F14FB00C9CB63 /* TranscriptsArchiveViewController.swift */ = {isa = PBXFileReference; lastKnownFileType = sourcecode.swift; path = TranscriptsArchiveViewController.swift; sourceTree = "<group>"; };
		BE117A34217F16D500C9CB63 /* Transcript+CoreDataClass.swift */ = {isa = PBXFileReference; lastKnownFileType = sourcecode.swift; path = "Transcript+CoreDataClass.swift"; sourceTree = "<group>"; };
		BE117A35217F16D500C9CB63 /* Transcript+CoreDataProperties.swift */ = {isa = PBXFileReference; lastKnownFileType = sourcecode.swift; path = "Transcript+CoreDataProperties.swift"; sourceTree = "<group>"; };
		BE117A36217F16D500C9CB63 /* TranscriptsAtTheTime+CoreDataClass.swift */ = {isa = PBXFileReference; lastKnownFileType = sourcecode.swift; path = "TranscriptsAtTheTime+CoreDataClass.swift"; sourceTree = "<group>"; };
		BE117A37217F16D500C9CB63 /* TranscriptsAtTheTime+CoreDataProperties.swift */ = {isa = PBXFileReference; lastKnownFileType = sourcecode.swift; path = "TranscriptsAtTheTime+CoreDataProperties.swift"; sourceTree = "<group>"; };
		BE117A3C217F16F600C9CB63 /* CoreDataStack.swift */ = {isa = PBXFileReference; lastKnownFileType = sourcecode.swift; path = CoreDataStack.swift; sourceTree = "<group>"; };
		BE87BBA9217D674000D9A908 /* CloudKitViewController.swift */ = {isa = PBXFileReference; lastKnownFileType = sourcecode.swift; path = CloudKitViewController.swift; sourceTree = "<group>"; };
		BE87BBAB217D682000D9A908 /* SpeakAloud.entitlements */ = {isa = PBXFileReference; lastKnownFileType = text.plist.entitlements; path = SpeakAloud.entitlements; sourceTree = "<group>"; };
		BE87BBAD217D6A3000D9A908 /* CloudKit.framework */ = {isa = PBXFileReference; lastKnownFileType = wrapper.framework; name = CloudKit.framework; path = System/Library/Frameworks/CloudKit.framework; sourceTree = SDKROOT; };
		EE2FCF082176411200BF6352 /* DictationViewController.swift */ = {isa = PBXFileReference; lastKnownFileType = sourcecode.swift; path = DictationViewController.swift; sourceTree = "<group>"; };
		EEFE17C121763E1900DBB109 /* SpeakAloud.app */ = {isa = PBXFileReference; explicitFileType = wrapper.application; includeInIndex = 0; path = SpeakAloud.app; sourceTree = BUILT_PRODUCTS_DIR; };
		EEFE17C421763E1900DBB109 /* AppDelegate.swift */ = {isa = PBXFileReference; lastKnownFileType = sourcecode.swift; path = AppDelegate.swift; sourceTree = "<group>"; };
		EEFE17C621763E1900DBB109 /* TranscriptsViewController.swift */ = {isa = PBXFileReference; lastKnownFileType = sourcecode.swift; path = TranscriptsViewController.swift; sourceTree = "<group>"; };
		EEFE17C921763E1900DBB109 /* Base */ = {isa = PBXFileReference; lastKnownFileType = file.storyboard; name = Base; path = Base.lproj/Main.storyboard; sourceTree = "<group>"; };
		EEFE17CC21763E1900DBB109 /* SpeakAloud.xcdatamodel */ = {isa = PBXFileReference; lastKnownFileType = wrapper.xcdatamodel; path = SpeakAloud.xcdatamodel; sourceTree = "<group>"; };
		EEFE17CE21763E1900DBB109 /* Assets.xcassets */ = {isa = PBXFileReference; lastKnownFileType = folder.assetcatalog; path = Assets.xcassets; sourceTree = "<group>"; };
		EEFE17D121763E1900DBB109 /* Base */ = {isa = PBXFileReference; lastKnownFileType = file.storyboard; name = Base; path = Base.lproj/LaunchScreen.storyboard; sourceTree = "<group>"; };
		EEFE17D321763E1900DBB109 /* Info.plist */ = {isa = PBXFileReference; lastKnownFileType = text.plist.xml; path = Info.plist; sourceTree = "<group>"; };
		EEFE17DD21763F3E00DBB109 /* GestureDetector.swift */ = {isa = PBXFileReference; lastKnownFileType = sourcecode.swift; path = GestureDetector.swift; sourceTree = "<group>"; };
/* End PBXFileReference section */

/* Begin PBXFrameworksBuildPhase section */
		EEFE17BE21763E1900DBB109 /* Frameworks */ = {
			isa = PBXFrameworksBuildPhase;
			buildActionMask = 2147483647;
			files = (
				BE87BBAE217D6A3000D9A908 /* CloudKit.framework in Frameworks */,
			);
			runOnlyForDeploymentPostprocessing = 0;
		};
/* End PBXFrameworksBuildPhase section */

/* Begin PBXGroup section */
		BE117A31217F144800C9CB63 /* TranscriptsArchive */ = {
			isa = PBXGroup;
			children = (
				BE117A32217F14FB00C9CB63 /* TranscriptsArchiveViewController.swift */,
				EEFE17C621763E1900DBB109 /* TranscriptsViewController.swift */,
			);
			path = TranscriptsArchive;
			sourceTree = "<group>";
		};
		BE87BBAC217D6A3000D9A908 /* Frameworks */ = {
			isa = PBXGroup;
			children = (
				BE87BBAD217D6A3000D9A908 /* CloudKit.framework */,
			);
			name = Frameworks;
			sourceTree = "<group>";
		};
		EEFE17B821763E1900DBB109 = {
			isa = PBXGroup;
			children = (
				BE117A34217F16D500C9CB63 /* Transcript+CoreDataClass.swift */,
				BE117A35217F16D500C9CB63 /* Transcript+CoreDataProperties.swift */,
				BE117A36217F16D500C9CB63 /* TranscriptsAtTheTime+CoreDataClass.swift */,
				BE117A37217F16D500C9CB63 /* TranscriptsAtTheTime+CoreDataProperties.swift */,
				EEFE17C321763E1900DBB109 /* SpeakAloud */,
				EEFE17C221763E1900DBB109 /* Products */,
				BE87BBAC217D6A3000D9A908 /* Frameworks */,
			);
			sourceTree = "<group>";
		};
		EEFE17C221763E1900DBB109 /* Products */ = {
			isa = PBXGroup;
			children = (
				EEFE17C121763E1900DBB109 /* SpeakAloud.app */,
			);
			name = Products;
			sourceTree = "<group>";
		};
		EEFE17C321763E1900DBB109 /* SpeakAloud */ = {
			isa = PBXGroup;
			children = (
				BE117A31217F144800C9CB63 /* TranscriptsArchive */,
				BE87BBAB217D682000D9A908 /* SpeakAloud.entitlements */,
				EEFE17C421763E1900DBB109 /* AppDelegate.swift */,
				EEFE17DD21763F3E00DBB109 /* GestureDetector.swift */,
				EE2FCF082176411200BF6352 /* DictationViewController.swift */,
				BE87BBA9217D674000D9A908 /* CloudKitViewController.swift */,
				EEFE17C821763E1900DBB109 /* Main.storyboard */,
				EEFE17CE21763E1900DBB109 /* Assets.xcassets */,
				EEFE17D021763E1900DBB109 /* LaunchScreen.storyboard */,
				EEFE17D321763E1900DBB109 /* Info.plist */,
				EEFE17CB21763E1900DBB109 /* SpeakAloud.xcdatamodeld */,
				BE117A3C217F16F600C9CB63 /* CoreDataStack.swift */,
			);
			path = SpeakAloud;
			sourceTree = "<group>";
		};
/* End PBXGroup section */

/* Begin PBXNativeTarget section */
		EEFE17C021763E1900DBB109 /* SpeakAloud */ = {
			isa = PBXNativeTarget;
			buildConfigurationList = EEFE17D621763E1900DBB109 /* Build configuration list for PBXNativeTarget "SpeakAloud" */;
			buildPhases = (
				EEFE17BD21763E1900DBB109 /* Sources */,
				EEFE17BE21763E1900DBB109 /* Frameworks */,
				EEFE17BF21763E1900DBB109 /* Resources */,
			);
			buildRules = (
			);
			dependencies = (
			);
			name = SpeakAloud;
			productName = SpeakAloud;
			productReference = EEFE17C121763E1900DBB109 /* SpeakAloud.app */;
			productType = "com.apple.product-type.application";
		};
/* End PBXNativeTarget section */

/* Begin PBXProject section */
		EEFE17B921763E1900DBB109 /* Project object */ = {
			isa = PBXProject;
			attributes = {
				LastSwiftUpdateCheck = 0910;
				LastUpgradeCheck = 0910;
				ORGANIZATIONNAME = SeoGiwon;
				TargetAttributes = {
					EEFE17C021763E1900DBB109 = {
						CreatedOnToolsVersion = 9.1;
						ProvisioningStyle = Automatic;
						SystemCapabilities = {
							com.apple.Push = {
								enabled = 1;
							};
							com.apple.iCloud = {
								enabled = 1;
							};
						};
					};
				};
			};
			buildConfigurationList = EEFE17BC21763E1900DBB109 /* Build configuration list for PBXProject "SpeakAloud" */;
			compatibilityVersion = "Xcode 8.0";
			developmentRegion = en;
			hasScannedForEncodings = 0;
			knownRegions = (
				en,
				Base,
			);
			mainGroup = EEFE17B821763E1900DBB109;
			productRefGroup = EEFE17C221763E1900DBB109 /* Products */;
			projectDirPath = "";
			projectRoot = "";
			targets = (
				EEFE17C021763E1900DBB109 /* SpeakAloud */,
			);
		};
/* End PBXProject section */

/* Begin PBXResourcesBuildPhase section */
		EEFE17BF21763E1900DBB109 /* Resources */ = {
			isa = PBXResourcesBuildPhase;
			buildActionMask = 2147483647;
			files = (
				EEFE17D221763E1900DBB109 /* LaunchScreen.storyboard in Resources */,
				EEFE17CF21763E1900DBB109 /* Assets.xcassets in Resources */,
				EEFE17CA21763E1900DBB109 /* Main.storyboard in Resources */,
			);
			runOnlyForDeploymentPostprocessing = 0;
		};
/* End PBXResourcesBuildPhase section */

/* Begin PBXSourcesBuildPhase section */
		EEFE17BD21763E1900DBB109 /* Sources */ = {
			isa = PBXSourcesBuildPhase;
			buildActionMask = 2147483647;
			files = (
				EEFE17CD21763E1900DBB109 /* SpeakAloud.xcdatamodeld in Sources */,
				BE117A33217F14FB00C9CB63 /* TranscriptsArchiveViewController.swift in Sources */,
				EEFE17DE21763F3E00DBB109 /* GestureDetector.swift in Sources */,
				BE117A3D217F16F600C9CB63 /* CoreDataStack.swift in Sources */,
				EEFE17C721763E1900DBB109 /* TranscriptsViewController.swift in Sources */,
				BE87BBAA217D674000D9A908 /* CloudKitViewController.swift in Sources */,
				BE117A39217F16D500C9CB63 /* Transcript+CoreDataProperties.swift in Sources */,
				BE117A3B217F16D500C9CB63 /* TranscriptsAtTheTime+CoreDataProperties.swift in Sources */,
				EE2FCF092176411200BF6352 /* DictationViewController.swift in Sources */,
				BE117A3A217F16D500C9CB63 /* TranscriptsAtTheTime+CoreDataClass.swift in Sources */,
				EEFE17C521763E1900DBB109 /* AppDelegate.swift in Sources */,
				BE117A38217F16D500C9CB63 /* Transcript+CoreDataClass.swift in Sources */,
			);
			runOnlyForDeploymentPostprocessing = 0;
		};
/* End PBXSourcesBuildPhase section */

/* Begin PBXVariantGroup section */
		EEFE17C821763E1900DBB109 /* Main.storyboard */ = {
			isa = PBXVariantGroup;
			children = (
				EEFE17C921763E1900DBB109 /* Base */,
			);
			name = Main.storyboard;
			sourceTree = "<group>";
		};
		EEFE17D021763E1900DBB109 /* LaunchScreen.storyboard */ = {
			isa = PBXVariantGroup;
			children = (
				EEFE17D121763E1900DBB109 /* Base */,
			);
			name = LaunchScreen.storyboard;
			sourceTree = "<group>";
		};
/* End PBXVariantGroup section */

/* Begin XCBuildConfiguration section */
		EEFE17D421763E1900DBB109 /* Debug */ = {
			isa = XCBuildConfiguration;
			buildSettings = {
				ALWAYS_SEARCH_USER_PATHS = NO;
				CLANG_ANALYZER_NONNULL = YES;
				CLANG_ANALYZER_NUMBER_OBJECT_CONVERSION = YES_AGGRESSIVE;
				CLANG_CXX_LANGUAGE_STANDARD = "gnu++14";
				CLANG_CXX_LIBRARY = "libc++";
				CLANG_ENABLE_MODULES = YES;
				CLANG_ENABLE_OBJC_ARC = YES;
				CLANG_WARN_BLOCK_CAPTURE_AUTORELEASING = YES;
				CLANG_WARN_BOOL_CONVERSION = YES;
				CLANG_WARN_COMMA = YES;
				CLANG_WARN_CONSTANT_CONVERSION = YES;
				CLANG_WARN_DIRECT_OBJC_ISA_USAGE = YES_ERROR;
				CLANG_WARN_DOCUMENTATION_COMMENTS = YES;
				CLANG_WARN_EMPTY_BODY = YES;
				CLANG_WARN_ENUM_CONVERSION = YES;
				CLANG_WARN_INFINITE_RECURSION = YES;
				CLANG_WARN_INT_CONVERSION = YES;
				CLANG_WARN_NON_LITERAL_NULL_CONVERSION = YES;
				CLANG_WARN_OBJC_LITERAL_CONVERSION = YES;
				CLANG_WARN_OBJC_ROOT_CLASS = YES_ERROR;
				CLANG_WARN_RANGE_LOOP_ANALYSIS = YES;
				CLANG_WARN_STRICT_PROTOTYPES = YES;
				CLANG_WARN_SUSPICIOUS_MOVE = YES;
				CLANG_WARN_UNGUARDED_AVAILABILITY = YES_AGGRESSIVE;
				CLANG_WARN_UNREACHABLE_CODE = YES;
				CLANG_WARN__DUPLICATE_METHOD_MATCH = YES;
				CODE_SIGN_IDENTITY = "iPhone Developer";
				COPY_PHASE_STRIP = NO;
				DEBUG_INFORMATION_FORMAT = dwarf;
				ENABLE_STRICT_OBJC_MSGSEND = YES;
				ENABLE_TESTABILITY = YES;
				GCC_C_LANGUAGE_STANDARD = gnu11;
				GCC_DYNAMIC_NO_PIC = NO;
				GCC_NO_COMMON_BLOCKS = YES;
				GCC_OPTIMIZATION_LEVEL = 0;
				GCC_PREPROCESSOR_DEFINITIONS = (
					"DEBUG=1",
					"$(inherited)",
				);
				GCC_WARN_64_TO_32_BIT_CONVERSION = YES;
				GCC_WARN_ABOUT_RETURN_TYPE = YES_ERROR;
				GCC_WARN_UNDECLARED_SELECTOR = YES;
				GCC_WARN_UNINITIALIZED_AUTOS = YES_AGGRESSIVE;
				GCC_WARN_UNUSED_FUNCTION = YES;
				GCC_WARN_UNUSED_VARIABLE = YES;
				IPHONEOS_DEPLOYMENT_TARGET = 11.1;
				MTL_ENABLE_DEBUG_INFO = YES;
				ONLY_ACTIVE_ARCH = YES;
				SDKROOT = iphoneos;
				SWIFT_ACTIVE_COMPILATION_CONDITIONS = DEBUG;
				SWIFT_OPTIMIZATION_LEVEL = "-Onone";
			};
			name = Debug;
		};
		EEFE17D521763E1900DBB109 /* Release */ = {
			isa = XCBuildConfiguration;
			buildSettings = {
				ALWAYS_SEARCH_USER_PATHS = NO;
				CLANG_ANALYZER_NONNULL = YES;
				CLANG_ANALYZER_NUMBER_OBJECT_CONVERSION = YES_AGGRESSIVE;
				CLANG_CXX_LANGUAGE_STANDARD = "gnu++14";
				CLANG_CXX_LIBRARY = "libc++";
				CLANG_ENABLE_MODULES = YES;
				CLANG_ENABLE_OBJC_ARC = YES;
				CLANG_WARN_BLOCK_CAPTURE_AUTORELEASING = YES;
				CLANG_WARN_BOOL_CONVERSION = YES;
				CLANG_WARN_COMMA = YES;
				CLANG_WARN_CONSTANT_CONVERSION = YES;
				CLANG_WARN_DIRECT_OBJC_ISA_USAGE = YES_ERROR;
				CLANG_WARN_DOCUMENTATION_COMMENTS = YES;
				CLANG_WARN_EMPTY_BODY = YES;
				CLANG_WARN_ENUM_CONVERSION = YES;
				CLANG_WARN_INFINITE_RECURSION = YES;
				CLANG_WARN_INT_CONVERSION = YES;
				CLANG_WARN_NON_LITERAL_NULL_CONVERSION = YES;
				CLANG_WARN_OBJC_LITERAL_CONVERSION = YES;
				CLANG_WARN_OBJC_ROOT_CLASS = YES_ERROR;
				CLANG_WARN_RANGE_LOOP_ANALYSIS = YES;
				CLANG_WARN_STRICT_PROTOTYPES = YES;
				CLANG_WARN_SUSPICIOUS_MOVE = YES;
				CLANG_WARN_UNGUARDED_AVAILABILITY = YES_AGGRESSIVE;
				CLANG_WARN_UNREACHABLE_CODE = YES;
				CLANG_WARN__DUPLICATE_METHOD_MATCH = YES;
				CODE_SIGN_IDENTITY = "iPhone Developer";
				COPY_PHASE_STRIP = NO;
				DEBUG_INFORMATION_FORMAT = "dwarf-with-dsym";
				ENABLE_NS_ASSERTIONS = NO;
				ENABLE_STRICT_OBJC_MSGSEND = YES;
				GCC_C_LANGUAGE_STANDARD = gnu11;
				GCC_NO_COMMON_BLOCKS = YES;
				GCC_WARN_64_TO_32_BIT_CONVERSION = YES;
				GCC_WARN_ABOUT_RETURN_TYPE = YES_ERROR;
				GCC_WARN_UNDECLARED_SELECTOR = YES;
				GCC_WARN_UNINITIALIZED_AUTOS = YES_AGGRESSIVE;
				GCC_WARN_UNUSED_FUNCTION = YES;
				GCC_WARN_UNUSED_VARIABLE = YES;
				IPHONEOS_DEPLOYMENT_TARGET = 11.1;
				MTL_ENABLE_DEBUG_INFO = NO;
				SDKROOT = iphoneos;
				SWIFT_OPTIMIZATION_LEVEL = "-Owholemodule";
				VALIDATE_PRODUCT = YES;
			};
			name = Release;
		};
		EEFE17D721763E1900DBB109 /* Debug */ = {
			isa = XCBuildConfiguration;
			buildSettings = {
				ASSETCATALOG_COMPILER_APPICON_NAME = AppIcon;
				CODE_SIGN_ENTITLEMENTS = SpeakAloud/SpeakAloud.entitlements;
				CODE_SIGN_STYLE = Automatic;
				DEVELOPMENT_TEAM = 8LSJUN2G6D;
				INFOPLIST_FILE = SpeakAloud/Info.plist;
				LD_RUNPATH_SEARCH_PATHS = "$(inherited) @executable_path/Frameworks";
				PRODUCT_BUNDLE_IDENTIFIER = softv.SpeakAloud;
				PRODUCT_NAME = "$(TARGET_NAME)";
				SWIFT_VERSION = 4.0;
				TARGETED_DEVICE_FAMILY = "1,2";
			};
			name = Debug;
		};
		EEFE17D821763E1900DBB109 /* Release */ = {
			isa = XCBuildConfiguration;
			buildSettings = {
				ASSETCATALOG_COMPILER_APPICON_NAME = AppIcon;
				CODE_SIGN_ENTITLEMENTS = SpeakAloud/SpeakAloud.entitlements;
				CODE_SIGN_STYLE = Automatic;
				DEVELOPMENT_TEAM = 8LSJUN2G6D;
				INFOPLIST_FILE = SpeakAloud/Info.plist;
				LD_RUNPATH_SEARCH_PATHS = "$(inherited) @executable_path/Frameworks";
				PRODUCT_BUNDLE_IDENTIFIER = softv.SpeakAloud;
				PRODUCT_NAME = "$(TARGET_NAME)";
				SWIFT_VERSION = 4.0;
				TARGETED_DEVICE_FAMILY = "1,2";
			};
			name = Release;
		};
/* End XCBuildConfiguration section */

/* Begin XCConfigurationList section */
		EEFE17BC21763E1900DBB109 /* Build configuration list for PBXProject "SpeakAloud" */ = {
			isa = XCConfigurationList;
			buildConfigurations = (
				EEFE17D421763E1900DBB109 /* Debug */,
				EEFE17D521763E1900DBB109 /* Release */,
			);
			defaultConfigurationIsVisible = 0;
			defaultConfigurationName = Release;
		};
		EEFE17D621763E1900DBB109 /* Build configuration list for PBXNativeTarget "SpeakAloud" */ = {
			isa = XCConfigurationList;
			buildConfigurations = (
				EEFE17D721763E1900DBB109 /* Debug */,
				EEFE17D821763E1900DBB109 /* Release */,
			);
			defaultConfigurationIsVisible = 0;
			defaultConfigurationName = Release;
		};
/* End XCConfigurationList section */

/* Begin XCVersionGroup section */
		EEFE17CB21763E1900DBB109 /* SpeakAloud.xcdatamodeld */ = {
			isa = XCVersionGroup;
			children = (
				EEFE17CC21763E1900DBB109 /* SpeakAloud.xcdatamodel */,
			);
			currentVersion = EEFE17CC21763E1900DBB109 /* SpeakAloud.xcdatamodel */;
			path = SpeakAloud.xcdatamodeld;
			sourceTree = "<group>";
			versionGroupType = wrapper.xcdatamodel;
		};
/* End XCVersionGroup section */
	};
	rootObject = EEFE17B921763E1900DBB109 /* Project object */;
}
